// !$*UTF8*$!
{
	archiveVersion = 1;
	classes = {
	};
	objectVersion = 46;
	objects = {

/* Begin PBXBuildFile section */
		483781F9DBFE314047F6B4C6 /* libPods.a in Frameworks */ = {isa = PBXBuildFile; fileRef = 71438D44AB4C6C86CFED6D85 /* libPods.a */; };
		6304704A1C4881690064D81C /* main.m in Sources */ = {isa = PBXBuildFile; fileRef = 630470491C4881690064D81C /* main.m */; };
		6304704D1C4881690064D81C /* AppDelegate.m in Sources */ = {isa = PBXBuildFile; fileRef = 6304704C1C4881690064D81C /* AppDelegate.m */; };
		630470501C4881690064D81C /* MainViewController.m in Sources */ = {isa = PBXBuildFile; fileRef = 6304704F1C4881690064D81C /* MainViewController.m */; };
		630470551C4881690064D81C /* Assets.xcassets in Resources */ = {isa = PBXBuildFile; fileRef = 630470541C4881690064D81C /* Assets.xcassets */; };
		630470701C489D1C0064D81C /* burger.png in Resources */ = {isa = PBXBuildFile; fileRef = 630470631C489D1C0064D81C /* burger.png */; };
		630470711C489D1C0064D81C /* burger@2x.png in Resources */ = {isa = PBXBuildFile; fileRef = 630470641C489D1C0064D81C /* burger@2x.png */; };
		630470721C489D1C0064D81C /* Default-568h@2x.png in Resources */ = {isa = PBXBuildFile; fileRef = 630470651C489D1C0064D81C /* Default-568h@2x.png */; };
		630470731C489D1C0064D81C /* Default.png in Resources */ = {isa = PBXBuildFile; fileRef = 630470661C489D1C0064D81C /* Default.png */; };
		630470741C489D1C0064D81C /* Default@2x.png in Resources */ = {isa = PBXBuildFile; fileRef = 630470671C489D1C0064D81C /* Default@2x.png */; };
		630470751C489D1C0064D81C /* gear.png in Resources */ = {isa = PBXBuildFile; fileRef = 630470681C489D1C0064D81C /* gear.png */; };
		630470761C489D1C0064D81C /* gear@2x.png in Resources */ = {isa = PBXBuildFile; fileRef = 630470691C489D1C0064D81C /* gear@2x.png */; };
		630470791C489D1C0064D81C /* profile.png in Resources */ = {isa = PBXBuildFile; fileRef = 6304706C1C489D1C0064D81C /* profile.png */; };
		6304707A1C489D1C0064D81C /* profile@2x.png in Resources */ = {isa = PBXBuildFile; fileRef = 6304706D1C489D1C0064D81C /* profile@2x.png */; };
		6304707B1C489D1C0064D81C /* star.png in Resources */ = {isa = PBXBuildFile; fileRef = 6304706E1C489D1C0064D81C /* star.png */; };
		6304707C1C489D1C0064D81C /* star@2x.png in Resources */ = {isa = PBXBuildFile; fileRef = 6304706F1C489D1C0064D81C /* star@2x.png */; };
		630470811C489ED50064D81C /* UIColor+RCColor.m in Sources */ = {isa = PBXBuildFile; fileRef = 6304707E1C489ED40064D81C /* UIColor+RCColor.m */; };
		630470821C489ED50064D81C /* UIImage+RCImage.m in Sources */ = {isa = PBXBuildFile; fileRef = 630470801C489ED40064D81C /* UIImage+RCImage.m */; };
		6304708C1C48B1120064D81C /* background-gradient.png in Resources */ = {isa = PBXBuildFile; fileRef = 630470831C48B1120064D81C /* background-gradient.png */; };
		6304708D1C48B1120064D81C /* background-gradient@2x.png in Resources */ = {isa = PBXBuildFile; fileRef = 630470841C48B1120064D81C /* background-gradient@2x.png */; };
		6304708E1C48B1120064D81C /* button-background.png in Resources */ = {isa = PBXBuildFile; fileRef = 630470851C48B1120064D81C /* button-background.png */; };
		6304708F1C48B1120064D81C /* button-background@2x.png in Resources */ = {isa = PBXBuildFile; fileRef = 630470861C48B1120064D81C /* button-background@2x.png */; };
		630470901C48B1120064D81C /* tutorial_background_00@2x.jpg in Resources */ = {isa = PBXBuildFile; fileRef = 630470871C48B1120064D81C /* tutorial_background_00@2x.jpg */; };
		630470911C48B1120064D81C /* tutorial_background_01@2x.jpg in Resources */ = {isa = PBXBuildFile; fileRef = 630470881C48B1120064D81C /* tutorial_background_01@2x.jpg */; };
		630470921C48B1120064D81C /* tutorial_background_02@2x.jpg in Resources */ = {isa = PBXBuildFile; fileRef = 630470891C48B1120064D81C /* tutorial_background_02@2x.jpg */; };
		630470931C48B1120064D81C /* tutorial_background_03@2x.jpg in Resources */ = {isa = PBXBuildFile; fileRef = 6304708A1C48B1120064D81C /* tutorial_background_03@2x.jpg */; };
		6304709E1C48B39C0064D81C /* ICETutorialController.m in Sources */ = {isa = PBXBuildFile; fileRef = 630470991C48B39C0064D81C /* ICETutorialController.m */; };
		6304709F1C48B39C0064D81C /* ICETutorialPage.m in Sources */ = {isa = PBXBuildFile; fileRef = 6304709B1C48B39C0064D81C /* ICETutorialPage.m */; };
		630470A01C48B39C0064D81C /* ICETutorialStyle.m in Sources */ = {isa = PBXBuildFile; fileRef = 6304709D1C48B39C0064D81C /* ICETutorialStyle.m */; };
		630470A31C48BAE50064D81C /* LoginViewController.m in Sources */ = {isa = PBXBuildFile; fileRef = 630470A21C48BAE50064D81C /* LoginViewController.m */; };
		630470A91C48BB290064D81C /* RegisterViewController.m in Sources */ = {isa = PBXBuildFile; fileRef = 630470A81C48BB290064D81C /* RegisterViewController.m */; };
		630470AB1C48DDD50064D81C /* LoginViewController.xib in Resources */ = {isa = PBXBuildFile; fileRef = 630470AA1C48DDD50064D81C /* LoginViewController.xib */; };
		630470AE1C48EE170064D81C /* SelectViewController.m in Sources */ = {isa = PBXBuildFile; fileRef = 630470AD1C48EE170064D81C /* SelectViewController.m */; };
		630470B11C48F2500064D81C /* UITableViewCell+FlatUI.m in Sources */ = {isa = PBXBuildFile; fileRef = 630470B01C48F2500064D81C /* UITableViewCell+FlatUI.m */; };
		6312F4881C54B2E70021C959 /* AFHttpResult.m in Sources */ = {isa = PBXBuildFile; fileRef = 6312F4851C54B2E70021C959 /* AFHttpResult.m */; };
		6312F4891C54B2E70021C959 /* AFHttpTool.m in Sources */ = {isa = PBXBuildFile; fileRef = 6312F4871C54B2E70021C959 /* AFHttpTool.m */; };
		637768631C5866C300E39B91 /* tutorial_background_00.jpg in Resources */ = {isa = PBXBuildFile; fileRef = 6377685F1C5866C300E39B91 /* tutorial_background_00.jpg */; };
		637768641C5866C300E39B91 /* tutorial_background_01.jpg in Resources */ = {isa = PBXBuildFile; fileRef = 637768601C5866C300E39B91 /* tutorial_background_01.jpg */; };
		637768651C5866C300E39B91 /* tutorial_background_02.jpg in Resources */ = {isa = PBXBuildFile; fileRef = 637768611C5866C300E39B91 /* tutorial_background_02.jpg */; };
		637768661C5866C300E39B91 /* tutorial_background_03.jpg in Resources */ = {isa = PBXBuildFile; fileRef = 637768621C5866C300E39B91 /* tutorial_background_03.jpg */; };
		637768681C58AB6B00E39B91 /* PMDetailsView.xib in Resources */ = {isa = PBXBuildFile; fileRef = 637768671C58AB6B00E39B91 /* PMDetailsView.xib */; };
		6377686B1C58C90600E39B91 /* ModelBase.m in Sources */ = {isa = PBXBuildFile; fileRef = 6377686A1C58C90600E39B91 /* ModelBase.m */; };
		6377686E1C58CAE200E39B91 /* UserModel.m in Sources */ = {isa = PBXBuildFile; fileRef = 6377686D1C58CAE200E39B91 /* UserModel.m */; };
		637768711C58CD7100E39B91 /* SchoolModel.m in Sources */ = {isa = PBXBuildFile; fileRef = 637768701C58CD7100E39B91 /* SchoolModel.m */; };
		637768741C58CDF800E39B91 /* CityModel.m in Sources */ = {isa = PBXBuildFile; fileRef = 637768731C58CDF800E39B91 /* CityModel.m */; };
		637768771C58CEA100E39B91 /* InstrumentModel.m in Sources */ = {isa = PBXBuildFile; fileRef = 637768761C58CEA100E39B91 /* InstrumentModel.m */; };
		6377687A1C58CF1E00E39B91 /* PhotoModel.m in Sources */ = {isa = PBXBuildFile; fileRef = 637768791C58CF1E00E39B91 /* PhotoModel.m */; };
		6377687D1C58CF6300E39B91 /* PM25DataModel.m in Sources */ = {isa = PBXBuildFile; fileRef = 6377687C1C58CF6300E39B91 /* PM25DataModel.m */; };
		63B8D6311C4B9BEB005B5AF6 /* RegisterViewController.xib in Resources */ = {isa = PBXBuildFile; fileRef = 63B8D6301C4B9BEB005B5AF6 /* RegisterViewController.xib */; };
		63B8D6351C4BA1AC005B5AF6 /* AboutViewController.m in Sources */ = {isa = PBXBuildFile; fileRef = 63B8D6331C4BA1AC005B5AF6 /* AboutViewController.m */; };
		63B8D6361C4BA1AC005B5AF6 /* AboutViewController.xib in Resources */ = {isa = PBXBuildFile; fileRef = 63B8D6341C4BA1AC005B5AF6 /* AboutViewController.xib */; };
		63B8D63C1C4BB43A005B5AF6 /* LICENSE in Resources */ = {isa = PBXBuildFile; fileRef = 63B8D6381C4BB43A005B5AF6 /* LICENSE */; };
		63B8D63D1C4BB43A005B5AF6 /* README.md in Sources */ = {isa = PBXBuildFile; fileRef = 63B8D6391C4BB43A005B5AF6 /* README.md */; };
		63B8D63E1C4BB43A005B5AF6 /* RNFrostedSidebar.m in Sources */ = {isa = PBXBuildFile; fileRef = 63B8D63B1C4BB43A005B5AF6 /* RNFrostedSidebar.m */; };
		63B8D6431C4BC60C005B5AF6 /* PMItemCell.m in Sources */ = {isa = PBXBuildFile; fileRef = 63B8D6411C4BC60C005B5AF6 /* PMItemCell.m */; };
		63B8D6441C4BC60C005B5AF6 /* PMItemCell.xib in Resources */ = {isa = PBXBuildFile; fileRef = 63B8D6421C4BC60C005B5AF6 /* PMItemCell.xib */; };
		63B8D6471C4BDC31005B5AF6 /* PM25ViewController.m in Sources */ = {isa = PBXBuildFile; fileRef = 63B8D6461C4BDC31005B5AF6 /* PM25ViewController.m */; };
		63B8D6491C4BE105005B5AF6 /* PM25ViewController.xib in Resources */ = {isa = PBXBuildFile; fileRef = 63B8D6481C4BE105005B5AF6 /* PM25ViewController.xib */; };
		63CEB2731C4D2EC600537B14 /* PMDetailsView.m in Sources */ = {isa = PBXBuildFile; fileRef = 63CEB2721C4D2EC600537B14 /* PMDetailsView.m */; };
		63F689CA1C5A184E00F9F755 /* Utility.m in Sources */ = {isa = PBXBuildFile; fileRef = 63F689C91C5A184E00F9F755 /* Utility.m */; };
/* End PBXBuildFile section */

/* Begin PBXFileReference section */
		43ACB4255EB7601F86FAAF56 /* Pods.release.xcconfig */ = {isa = PBXFileReference; includeInIndex = 1; lastKnownFileType = text.xcconfig; name = Pods.release.xcconfig; path = "Pods/Target Support Files/Pods/Pods.release.xcconfig"; sourceTree = "<group>"; };
		630470451C4881690064D81C /* AirPlus-iOS.app */ = {isa = PBXFileReference; explicitFileType = wrapper.application; includeInIndex = 0; path = "AirPlus-iOS.app"; sourceTree = BUILT_PRODUCTS_DIR; };
		630470491C4881690064D81C /* main.m */ = {isa = PBXFileReference; lastKnownFileType = sourcecode.c.objc; path = main.m; sourceTree = "<group>"; };
		6304704B1C4881690064D81C /* AppDelegate.h */ = {isa = PBXFileReference; lastKnownFileType = sourcecode.c.h; path = AppDelegate.h; sourceTree = "<group>"; };
		6304704C1C4881690064D81C /* AppDelegate.m */ = {isa = PBXFileReference; lastKnownFileType = sourcecode.c.objc; path = AppDelegate.m; sourceTree = "<group>"; };
		6304704E1C4881690064D81C /* MainViewController.h */ = {isa = PBXFileReference; lastKnownFileType = sourcecode.c.h; path = MainViewController.h; sourceTree = "<group>"; };
		6304704F1C4881690064D81C /* MainViewController.m */ = {isa = PBXFileReference; lastKnownFileType = sourcecode.c.objc; path = MainViewController.m; sourceTree = "<group>"; };
		630470541C4881690064D81C /* Assets.xcassets */ = {isa = PBXFileReference; lastKnownFileType = folder.assetcatalog; path = Assets.xcassets; sourceTree = "<group>"; };
		630470591C4881690064D81C /* Info.plist */ = {isa = PBXFileReference; lastKnownFileType = text.plist.xml; path = Info.plist; sourceTree = "<group>"; };
		630470631C489D1C0064D81C /* burger.png */ = {isa = PBXFileReference; lastKnownFileType = image.png; path = burger.png; sourceTree = "<group>"; };
		630470641C489D1C0064D81C /* burger@2x.png */ = {isa = PBXFileReference; lastKnownFileType = image.png; path = "burger@2x.png"; sourceTree = "<group>"; };
		630470651C489D1C0064D81C /* Default-568h@2x.png */ = {isa = PBXFileReference; lastKnownFileType = image.png; path = "Default-568h@2x.png"; sourceTree = "<group>"; };
		630470661C489D1C0064D81C /* Default.png */ = {isa = PBXFileReference; lastKnownFileType = image.png; path = Default.png; sourceTree = "<group>"; };
		630470671C489D1C0064D81C /* Default@2x.png */ = {isa = PBXFileReference; lastKnownFileType = image.png; path = "Default@2x.png"; sourceTree = "<group>"; };
		630470681C489D1C0064D81C /* gear.png */ = {isa = PBXFileReference; lastKnownFileType = image.png; path = gear.png; sourceTree = "<group>"; };
		630470691C489D1C0064D81C /* gear@2x.png */ = {isa = PBXFileReference; lastKnownFileType = image.png; path = "gear@2x.png"; sourceTree = "<group>"; };
		6304706C1C489D1C0064D81C /* profile.png */ = {isa = PBXFileReference; lastKnownFileType = image.png; path = profile.png; sourceTree = "<group>"; };
		6304706D1C489D1C0064D81C /* profile@2x.png */ = {isa = PBXFileReference; lastKnownFileType = image.png; path = "profile@2x.png"; sourceTree = "<group>"; };
		6304706E1C489D1C0064D81C /* star.png */ = {isa = PBXFileReference; lastKnownFileType = image.png; path = star.png; sourceTree = "<group>"; };
		6304706F1C489D1C0064D81C /* star@2x.png */ = {isa = PBXFileReference; lastKnownFileType = image.png; path = "star@2x.png"; sourceTree = "<group>"; };
		6304707D1C489ED40064D81C /* UIColor+RCColor.h */ = {isa = PBXFileReference; fileEncoding = 4; lastKnownFileType = sourcecode.c.h; path = "UIColor+RCColor.h"; sourceTree = "<group>"; };
		6304707E1C489ED40064D81C /* UIColor+RCColor.m */ = {isa = PBXFileReference; fileEncoding = 4; lastKnownFileType = sourcecode.c.objc; path = "UIColor+RCColor.m"; sourceTree = "<group>"; };
		6304707F1C489ED40064D81C /* UIImage+RCImage.h */ = {isa = PBXFileReference; fileEncoding = 4; lastKnownFileType = sourcecode.c.h; path = "UIImage+RCImage.h"; sourceTree = "<group>"; };
		630470801C489ED40064D81C /* UIImage+RCImage.m */ = {isa = PBXFileReference; fileEncoding = 4; lastKnownFileType = sourcecode.c.objc; path = "UIImage+RCImage.m"; sourceTree = "<group>"; };
		630470831C48B1120064D81C /* background-gradient.png */ = {isa = PBXFileReference; lastKnownFileType = image.png; path = "background-gradient.png"; sourceTree = "<group>"; };
		630470841C48B1120064D81C /* background-gradient@2x.png */ = {isa = PBXFileReference; lastKnownFileType = image.png; path = "background-gradient@2x.png"; sourceTree = "<group>"; };
		630470851C48B1120064D81C /* button-background.png */ = {isa = PBXFileReference; lastKnownFileType = image.png; path = "button-background.png"; sourceTree = "<group>"; };
		630470861C48B1120064D81C /* button-background@2x.png */ = {isa = PBXFileReference; lastKnownFileType = image.png; path = "button-background@2x.png"; sourceTree = "<group>"; };
		630470871C48B1120064D81C /* tutorial_background_00@2x.jpg */ = {isa = PBXFileReference; lastKnownFileType = image.jpeg; path = "tutorial_background_00@2x.jpg"; sourceTree = "<group>"; };
		630470881C48B1120064D81C /* tutorial_background_01@2x.jpg */ = {isa = PBXFileReference; lastKnownFileType = image.jpeg; path = "tutorial_background_01@2x.jpg"; sourceTree = "<group>"; };
		630470891C48B1120064D81C /* tutorial_background_02@2x.jpg */ = {isa = PBXFileReference; lastKnownFileType = image.jpeg; path = "tutorial_background_02@2x.jpg"; sourceTree = "<group>"; };
		6304708A1C48B1120064D81C /* tutorial_background_03@2x.jpg */ = {isa = PBXFileReference; lastKnownFileType = image.jpeg; path = "tutorial_background_03@2x.jpg"; sourceTree = "<group>"; };
		630470981C48B39C0064D81C /* ICETutorialController.h */ = {isa = PBXFileReference; fileEncoding = 4; lastKnownFileType = sourcecode.c.h; path = ICETutorialController.h; sourceTree = "<group>"; };
		630470991C48B39C0064D81C /* ICETutorialController.m */ = {isa = PBXFileReference; fileEncoding = 4; lastKnownFileType = sourcecode.c.objc; path = ICETutorialController.m; sourceTree = "<group>"; };
		6304709A1C48B39C0064D81C /* ICETutorialPage.h */ = {isa = PBXFileReference; fileEncoding = 4; lastKnownFileType = sourcecode.c.h; path = ICETutorialPage.h; sourceTree = "<group>"; };
		6304709B1C48B39C0064D81C /* ICETutorialPage.m */ = {isa = PBXFileReference; fileEncoding = 4; lastKnownFileType = sourcecode.c.objc; path = ICETutorialPage.m; sourceTree = "<group>"; };
		6304709C1C48B39C0064D81C /* ICETutorialStyle.h */ = {isa = PBXFileReference; fileEncoding = 4; lastKnownFileType = sourcecode.c.h; path = ICETutorialStyle.h; sourceTree = "<group>"; };
		6304709D1C48B39C0064D81C /* ICETutorialStyle.m */ = {isa = PBXFileReference; fileEncoding = 4; lastKnownFileType = sourcecode.c.objc; path = ICETutorialStyle.m; sourceTree = "<group>"; };
		630470A11C48BAE50064D81C /* LoginViewController.h */ = {isa = PBXFileReference; fileEncoding = 4; lastKnownFileType = sourcecode.c.h; name = LoginViewController.h; path = "AirPlus-iOS/LoginViewController.h"; sourceTree = SOURCE_ROOT; };
		630470A21C48BAE50064D81C /* LoginViewController.m */ = {isa = PBXFileReference; fileEncoding = 4; lastKnownFileType = sourcecode.c.objc; name = LoginViewController.m; path = "AirPlus-iOS/LoginViewController.m"; sourceTree = SOURCE_ROOT; };
		630470A71C48BB290064D81C /* RegisterViewController.h */ = {isa = PBXFileReference; fileEncoding = 4; lastKnownFileType = sourcecode.c.h; path = RegisterViewController.h; sourceTree = "<group>"; };
		630470A81C48BB290064D81C /* RegisterViewController.m */ = {isa = PBXFileReference; fileEncoding = 4; lastKnownFileType = sourcecode.c.objc; path = RegisterViewController.m; sourceTree = "<group>"; };
		630470AA1C48DDD50064D81C /* LoginViewController.xib */ = {isa = PBXFileReference; fileEncoding = 4; lastKnownFileType = file.xib; path = LoginViewController.xib; sourceTree = "<group>"; };
		630470AC1C48EE170064D81C /* SelectViewController.h */ = {isa = PBXFileReference; fileEncoding = 4; lastKnownFileType = sourcecode.c.h; path = SelectViewController.h; sourceTree = "<group>"; };
		630470AD1C48EE170064D81C /* SelectViewController.m */ = {isa = PBXFileReference; fileEncoding = 4; lastKnownFileType = sourcecode.c.objc; path = SelectViewController.m; sourceTree = "<group>"; };
		630470AF1C48F2500064D81C /* UITableViewCell+FlatUI.h */ = {isa = PBXFileReference; fileEncoding = 4; lastKnownFileType = sourcecode.c.h; path = "UITableViewCell+FlatUI.h"; sourceTree = "<group>"; };
		630470B01C48F2500064D81C /* UITableViewCell+FlatUI.m */ = {isa = PBXFileReference; fileEncoding = 4; lastKnownFileType = sourcecode.c.objc; path = "UITableViewCell+FlatUI.m"; sourceTree = "<group>"; };
		6312F4841C54B2E70021C959 /* AFHttpResult.h */ = {isa = PBXFileReference; fileEncoding = 4; lastKnownFileType = sourcecode.c.h; path = AFHttpResult.h; sourceTree = "<group>"; };
		6312F4851C54B2E70021C959 /* AFHttpResult.m */ = {isa = PBXFileReference; fileEncoding = 4; lastKnownFileType = sourcecode.c.objc; path = AFHttpResult.m; sourceTree = "<group>"; };
		6312F4861C54B2E70021C959 /* AFHttpTool.h */ = {isa = PBXFileReference; fileEncoding = 4; lastKnownFileType = sourcecode.c.h; path = AFHttpTool.h; sourceTree = "<group>"; };
		6312F4871C54B2E70021C959 /* AFHttpTool.m */ = {isa = PBXFileReference; fileEncoding = 4; lastKnownFileType = sourcecode.c.objc; path = AFHttpTool.m; sourceTree = "<group>"; };
		634722851C744DD60066B79E /* Constants.h */ = {isa = PBXFileReference; fileEncoding = 4; lastKnownFileType = sourcecode.c.h; path = Constants.h; sourceTree = "<group>"; };
		6377685F1C5866C300E39B91 /* tutorial_background_00.jpg */ = {isa = PBXFileReference; lastKnownFileType = image.jpeg; path = tutorial_background_00.jpg; sourceTree = "<group>"; };
		637768601C5866C300E39B91 /* tutorial_background_01.jpg */ = {isa = PBXFileReference; lastKnownFileType = image.jpeg; path = tutorial_background_01.jpg; sourceTree = "<group>"; };
		637768611C5866C300E39B91 /* tutorial_background_02.jpg */ = {isa = PBXFileReference; lastKnownFileType = image.jpeg; path = tutorial_background_02.jpg; sourceTree = "<group>"; };
		637768621C5866C300E39B91 /* tutorial_background_03.jpg */ = {isa = PBXFileReference; lastKnownFileType = image.jpeg; path = tutorial_background_03.jpg; sourceTree = "<group>"; };
		637768671C58AB6B00E39B91 /* PMDetailsView.xib */ = {isa = PBXFileReference; fileEncoding = 4; lastKnownFileType = file.xib; path = PMDetailsView.xib; sourceTree = "<group>"; };
		637768691C58C90600E39B91 /* ModelBase.h */ = {isa = PBXFileReference; fileEncoding = 4; lastKnownFileType = sourcecode.c.h; path = ModelBase.h; sourceTree = "<group>"; };
		6377686A1C58C90600E39B91 /* ModelBase.m */ = {isa = PBXFileReference; fileEncoding = 4; lastKnownFileType = sourcecode.c.objc; path = ModelBase.m; sourceTree = "<group>"; };
		6377686C1C58CAE200E39B91 /* UserModel.h */ = {isa = PBXFileReference; fileEncoding = 4; lastKnownFileType = sourcecode.c.h; path = UserModel.h; sourceTree = "<group>"; };
		6377686D1C58CAE200E39B91 /* UserModel.m */ = {isa = PBXFileReference; fileEncoding = 4; lastKnownFileType = sourcecode.c.objc; path = UserModel.m; sourceTree = "<group>"; };
		6377686F1C58CD7100E39B91 /* SchoolModel.h */ = {isa = PBXFileReference; fileEncoding = 4; lastKnownFileType = sourcecode.c.h; path = SchoolModel.h; sourceTree = "<group>"; };
		637768701C58CD7100E39B91 /* SchoolModel.m */ = {isa = PBXFileReference; fileEncoding = 4; lastKnownFileType = sourcecode.c.objc; path = SchoolModel.m; sourceTree = "<group>"; };
		637768721C58CDF800E39B91 /* CityModel.h */ = {isa = PBXFileReference; fileEncoding = 4; lastKnownFileType = sourcecode.c.h; path = CityModel.h; sourceTree = "<group>"; };
		637768731C58CDF800E39B91 /* CityModel.m */ = {isa = PBXFileReference; fileEncoding = 4; lastKnownFileType = sourcecode.c.objc; path = CityModel.m; sourceTree = "<group>"; };
		637768751C58CEA100E39B91 /* InstrumentModel.h */ = {isa = PBXFileReference; fileEncoding = 4; lastKnownFileType = sourcecode.c.h; path = InstrumentModel.h; sourceTree = "<group>"; };
		637768761C58CEA100E39B91 /* InstrumentModel.m */ = {isa = PBXFileReference; fileEncoding = 4; lastKnownFileType = sourcecode.c.objc; path = InstrumentModel.m; sourceTree = "<group>"; };
		637768781C58CF1E00E39B91 /* PhotoModel.h */ = {isa = PBXFileReference; fileEncoding = 4; lastKnownFileType = sourcecode.c.h; path = PhotoModel.h; sourceTree = "<group>"; };
		637768791C58CF1E00E39B91 /* PhotoModel.m */ = {isa = PBXFileReference; fileEncoding = 4; lastKnownFileType = sourcecode.c.objc; path = PhotoModel.m; sourceTree = "<group>"; };
		6377687B1C58CF6300E39B91 /* PM25DataModel.h */ = {isa = PBXFileReference; fileEncoding = 4; lastKnownFileType = sourcecode.c.h; path = PM25DataModel.h; sourceTree = "<group>"; };
		6377687C1C58CF6300E39B91 /* PM25DataModel.m */ = {isa = PBXFileReference; fileEncoding = 4; lastKnownFileType = sourcecode.c.objc; path = PM25DataModel.m; sourceTree = "<group>"; };
		6377687E1C58D71B00E39B91 /* ModelConst.h */ = {isa = PBXFileReference; lastKnownFileType = sourcecode.c.h; path = ModelConst.h; sourceTree = "<group>"; };
		63B8D6301C4B9BEB005B5AF6 /* RegisterViewController.xib */ = {isa = PBXFileReference; fileEncoding = 4; lastKnownFileType = file.xib; path = RegisterViewController.xib; sourceTree = "<group>"; };
		63B8D6321C4BA1AC005B5AF6 /* AboutViewController.h */ = {isa = PBXFileReference; fileEncoding = 4; lastKnownFileType = sourcecode.c.h; path = AboutViewController.h; sourceTree = "<group>"; };
		63B8D6331C4BA1AC005B5AF6 /* AboutViewController.m */ = {isa = PBXFileReference; fileEncoding = 4; lastKnownFileType = sourcecode.c.objc; path = AboutViewController.m; sourceTree = "<group>"; };
		63B8D6341C4BA1AC005B5AF6 /* AboutViewController.xib */ = {isa = PBXFileReference; fileEncoding = 4; lastKnownFileType = file.xib; path = AboutViewController.xib; sourceTree = "<group>"; };
		63B8D6381C4BB43A005B5AF6 /* LICENSE */ = {isa = PBXFileReference; fileEncoding = 4; lastKnownFileType = text; path = LICENSE; sourceTree = "<group>"; };
		63B8D6391C4BB43A005B5AF6 /* README.md */ = {isa = PBXFileReference; fileEncoding = 4; lastKnownFileType = net.daringfireball.markdown; path = README.md; sourceTree = "<group>"; };
		63B8D63A1C4BB43A005B5AF6 /* RNFrostedSidebar.h */ = {isa = PBXFileReference; fileEncoding = 4; lastKnownFileType = sourcecode.c.h; path = RNFrostedSidebar.h; sourceTree = "<group>"; };
		63B8D63B1C4BB43A005B5AF6 /* RNFrostedSidebar.m */ = {isa = PBXFileReference; fileEncoding = 4; lastKnownFileType = sourcecode.c.objc; path = RNFrostedSidebar.m; sourceTree = "<group>"; };
		63B8D6401C4BC60C005B5AF6 /* PMItemCell.h */ = {isa = PBXFileReference; fileEncoding = 4; lastKnownFileType = sourcecode.c.h; path = PMItemCell.h; sourceTree = "<group>"; };
		63B8D6411C4BC60C005B5AF6 /* PMItemCell.m */ = {isa = PBXFileReference; fileEncoding = 4; lastKnownFileType = sourcecode.c.objc; path = PMItemCell.m; sourceTree = "<group>"; };
		63B8D6421C4BC60C005B5AF6 /* PMItemCell.xib */ = {isa = PBXFileReference; fileEncoding = 4; lastKnownFileType = file.xib; path = PMItemCell.xib; sourceTree = "<group>"; };
		63B8D6451C4BDC31005B5AF6 /* PM25ViewController.h */ = {isa = PBXFileReference; fileEncoding = 4; lastKnownFileType = sourcecode.c.h; path = PM25ViewController.h; sourceTree = "<group>"; };
		63B8D6461C4BDC31005B5AF6 /* PM25ViewController.m */ = {isa = PBXFileReference; fileEncoding = 4; lastKnownFileType = sourcecode.c.objc; path = PM25ViewController.m; sourceTree = "<group>"; };
		63B8D6481C4BE105005B5AF6 /* PM25ViewController.xib */ = {isa = PBXFileReference; fileEncoding = 4; lastKnownFileType = file.xib; path = PM25ViewController.xib; sourceTree = "<group>"; };
		63CEB2711C4D2EC600537B14 /* PMDetailsView.h */ = {isa = PBXFileReference; fileEncoding = 4; lastKnownFileType = sourcecode.c.h; path = PMDetailsView.h; sourceTree = "<group>"; };
		63CEB2721C4D2EC600537B14 /* PMDetailsView.m */ = {isa = PBXFileReference; fileEncoding = 4; lastKnownFileType = sourcecode.c.objc; path = PMDetailsView.m; sourceTree = "<group>"; };
		63F689C81C5A184E00F9F755 /* Utility.h */ = {isa = PBXFileReference; fileEncoding = 4; lastKnownFileType = sourcecode.c.h; path = Utility.h; sourceTree = "<group>"; };
		63F689C91C5A184E00F9F755 /* Utility.m */ = {isa = PBXFileReference; fileEncoding = 4; lastKnownFileType = sourcecode.c.objc; path = Utility.m; sourceTree = "<group>"; };
		71438D44AB4C6C86CFED6D85 /* libPods.a */ = {isa = PBXFileReference; explicitFileType = archive.ar; includeInIndex = 0; path = libPods.a; sourceTree = BUILT_PRODUCTS_DIR; };
		92E6B2C2D7DBEBEF485BBEC3 /* Pods.debug.xcconfig */ = {isa = PBXFileReference; includeInIndex = 1; lastKnownFileType = text.xcconfig; name = Pods.debug.xcconfig; path = "Pods/Target Support Files/Pods/Pods.debug.xcconfig"; sourceTree = "<group>"; };
/* End PBXFileReference section */

/* Begin PBXFrameworksBuildPhase section */
		630470421C4881690064D81C /* Frameworks */ = {
			isa = PBXFrameworksBuildPhase;
			buildActionMask = 2147483647;
			files = (
				483781F9DBFE314047F6B4C6 /* libPods.a in Frameworks */,
			);
			runOnlyForDeploymentPostprocessing = 0;
		};
/* End PBXFrameworksBuildPhase section */

/* Begin PBXGroup section */
		07383F13C57992E94A480D88 /* Pods */ = {
			isa = PBXGroup;
			children = (
				92E6B2C2D7DBEBEF485BBEC3 /* Pods.debug.xcconfig */,
				43ACB4255EB7601F86FAAF56 /* Pods.release.xcconfig */,
			);
			name = Pods;
			sourceTree = "<group>";
		};
		6304703C1C4881690064D81C = {
			isa = PBXGroup;
			children = (
				630470471C4881690064D81C /* AirPlus-iOS */,
				630470461C4881690064D81C /* Products */,
				07383F13C57992E94A480D88 /* Pods */,
				D04CCDEB88023984DE46E05A /* Frameworks */,
			);
			sourceTree = "<group>";
		};
		630470461C4881690064D81C /* Products */ = {
			isa = PBXGroup;
			children = (
				630470451C4881690064D81C /* AirPlus-iOS.app */,
			);
			name = Products;
			sourceTree = "<group>";
		};
		630470471C4881690064D81C /* AirPlus-iOS */ = {
			isa = PBXGroup;
			children = (
				6312F4801C54B1520021C959 /* Model */,
				63B8D63F1C4BC5DE005B5AF6 /* CustomView */,
				630470951C48B39C0064D81C /* Vendor */,
				630470611C4895D90064D81C /* Utilitys */,
				6304704B1C4881690064D81C /* AppDelegate.h */,
				6304704C1C4881690064D81C /* AppDelegate.m */,
				630470A11C48BAE50064D81C /* LoginViewController.h */,
				630470A21C48BAE50064D81C /* LoginViewController.m */,
				630470AA1C48DDD50064D81C /* LoginViewController.xib */,
				630470AC1C48EE170064D81C /* SelectViewController.h */,
				630470AD1C48EE170064D81C /* SelectViewController.m */,
				630470A71C48BB290064D81C /* RegisterViewController.h */,
				630470A81C48BB290064D81C /* RegisterViewController.m */,
				63B8D6301C4B9BEB005B5AF6 /* RegisterViewController.xib */,
				6304704E1C4881690064D81C /* MainViewController.h */,
				6304704F1C4881690064D81C /* MainViewController.m */,
				63B8D6321C4BA1AC005B5AF6 /* AboutViewController.h */,
				63B8D6331C4BA1AC005B5AF6 /* AboutViewController.m */,
				63B8D6341C4BA1AC005B5AF6 /* AboutViewController.xib */,
				63B8D6451C4BDC31005B5AF6 /* PM25ViewController.h */,
				63B8D6461C4BDC31005B5AF6 /* PM25ViewController.m */,
				63B8D6481C4BE105005B5AF6 /* PM25ViewController.xib */,
				630470541C4881690064D81C /* Assets.xcassets */,
				630470591C4881690064D81C /* Info.plist */,
				630470481C4881690064D81C /* Supporting Files */,
			);
			path = "AirPlus-iOS";
			sourceTree = "<group>";
		};
		630470481C4881690064D81C /* Supporting Files */ = {
			isa = PBXGroup;
			children = (
				6377685F1C5866C300E39B91 /* tutorial_background_00.jpg */,
				637768601C5866C300E39B91 /* tutorial_background_01.jpg */,
				637768611C5866C300E39B91 /* tutorial_background_02.jpg */,
				637768621C5866C300E39B91 /* tutorial_background_03.jpg */,
				630470831C48B1120064D81C /* background-gradient.png */,
				630470841C48B1120064D81C /* background-gradient@2x.png */,
				630470851C48B1120064D81C /* button-background.png */,
				630470861C48B1120064D81C /* button-background@2x.png */,
				630470871C48B1120064D81C /* tutorial_background_00@2x.jpg */,
				630470881C48B1120064D81C /* tutorial_background_01@2x.jpg */,
				630470891C48B1120064D81C /* tutorial_background_02@2x.jpg */,
				6304708A1C48B1120064D81C /* tutorial_background_03@2x.jpg */,
				630470631C489D1C0064D81C /* burger.png */,
				630470641C489D1C0064D81C /* burger@2x.png */,
				630470651C489D1C0064D81C /* Default-568h@2x.png */,
				630470661C489D1C0064D81C /* Default.png */,
				630470671C489D1C0064D81C /* Default@2x.png */,
				630470681C489D1C0064D81C /* gear.png */,
				630470691C489D1C0064D81C /* gear@2x.png */,
				6304706C1C489D1C0064D81C /* profile.png */,
				6304706D1C489D1C0064D81C /* profile@2x.png */,
				6304706E1C489D1C0064D81C /* star.png */,
				6304706F1C489D1C0064D81C /* star@2x.png */,
				630470491C4881690064D81C /* main.m */,
			);
			name = "Supporting Files";
			sourceTree = "<group>";
		};
		630470611C4895D90064D81C /* Utilitys */ = {
			isa = PBXGroup;
			children = (
				634722851C744DD60066B79E /* Constants.h */,
				63F689C81C5A184E00F9F755 /* Utility.h */,
				63F689C91C5A184E00F9F755 /* Utility.m */,
				6304707D1C489ED40064D81C /* UIColor+RCColor.h */,
				6304707E1C489ED40064D81C /* UIColor+RCColor.m */,
				6304707F1C489ED40064D81C /* UIImage+RCImage.h */,
				630470801C489ED40064D81C /* UIImage+RCImage.m */,
			);
			path = Utilitys;
			sourceTree = "<group>";
		};
		630470951C48B39C0064D81C /* Vendor */ = {
			isa = PBXGroup;
			children = (
				63B8D6371C4BB43A005B5AF6 /* RNFrostedSidebar */,
				630470AF1C48F2500064D81C /* UITableViewCell+FlatUI.h */,
				630470B01C48F2500064D81C /* UITableViewCell+FlatUI.m */,
				630470961C48B39C0064D81C /* ICETutorial */,
			);
			path = Vendor;
			sourceTree = "<group>";
		};
		630470961C48B39C0064D81C /* ICETutorial */ = {
			isa = PBXGroup;
			children = (
				630470971C48B39C0064D81C /* Libraries */,
			);
			path = ICETutorial;
			sourceTree = "<group>";
		};
		630470971C48B39C0064D81C /* Libraries */ = {
			isa = PBXGroup;
			children = (
				630470981C48B39C0064D81C /* ICETutorialController.h */,
				630470991C48B39C0064D81C /* ICETutorialController.m */,
				6304709A1C48B39C0064D81C /* ICETutorialPage.h */,
				6304709B1C48B39C0064D81C /* ICETutorialPage.m */,
				6304709C1C48B39C0064D81C /* ICETutorialStyle.h */,
				6304709D1C48B39C0064D81C /* ICETutorialStyle.m */,
			);
			path = Libraries;
			sourceTree = "<group>";
		};
		6312F4801C54B1520021C959 /* Model */ = {
			isa = PBXGroup;
			children = (
				6312F4841C54B2E70021C959 /* AFHttpResult.h */,
				6312F4851C54B2E70021C959 /* AFHttpResult.m */,
				6312F4861C54B2E70021C959 /* AFHttpTool.h */,
				6312F4871C54B2E70021C959 /* AFHttpTool.m */,
				637768691C58C90600E39B91 /* ModelBase.h */,
				6377686A1C58C90600E39B91 /* ModelBase.m */,
				6377686C1C58CAE200E39B91 /* UserModel.h */,
				6377686D1C58CAE200E39B91 /* UserModel.m */,
				6377686F1C58CD7100E39B91 /* SchoolModel.h */,
				637768701C58CD7100E39B91 /* SchoolModel.m */,
				637768721C58CDF800E39B91 /* CityModel.h */,
				637768731C58CDF800E39B91 /* CityModel.m */,
				637768751C58CEA100E39B91 /* InstrumentModel.h */,
				637768761C58CEA100E39B91 /* InstrumentModel.m */,
				637768781C58CF1E00E39B91 /* PhotoModel.h */,
				637768791C58CF1E00E39B91 /* PhotoModel.m */,
				6377687B1C58CF6300E39B91 /* PM25DataModel.h */,
				6377687C1C58CF6300E39B91 /* PM25DataModel.m */,
				6377687E1C58D71B00E39B91 /* ModelConst.h */,
			);
			path = Model;
			sourceTree = "<group>";
		};
		63B8D6371C4BB43A005B5AF6 /* RNFrostedSidebar */ = {
			isa = PBXGroup;
			children = (
				63B8D6381C4BB43A005B5AF6 /* LICENSE */,
				63B8D6391C4BB43A005B5AF6 /* README.md */,
				63B8D63A1C4BB43A005B5AF6 /* RNFrostedSidebar.h */,
				63B8D63B1C4BB43A005B5AF6 /* RNFrostedSidebar.m */,
			);
			path = RNFrostedSidebar;
			sourceTree = "<group>";
		};
		63B8D63F1C4BC5DE005B5AF6 /* CustomView */ = {
			isa = PBXGroup;
			children = (
				63B8D6401C4BC60C005B5AF6 /* PMItemCell.h */,
				63B8D6411C4BC60C005B5AF6 /* PMItemCell.m */,
				63B8D6421C4BC60C005B5AF6 /* PMItemCell.xib */,
				63CEB2711C4D2EC600537B14 /* PMDetailsView.h */,
				63CEB2721C4D2EC600537B14 /* PMDetailsView.m */,
				637768671C58AB6B00E39B91 /* PMDetailsView.xib */,
			);
			path = CustomView;
			sourceTree = "<group>";
		};
		D04CCDEB88023984DE46E05A /* Frameworks */ = {
			isa = PBXGroup;
			children = (
				71438D44AB4C6C86CFED6D85 /* libPods.a */,
			);
			name = Frameworks;
			sourceTree = "<group>";
		};
/* End PBXGroup section */

/* Begin PBXNativeTarget section */
		630470441C4881690064D81C /* AirPlus-iOS */ = {
			isa = PBXNativeTarget;
			buildConfigurationList = 6304705C1C4881690064D81C /* Build configuration list for PBXNativeTarget "AirPlus-iOS" */;
			buildPhases = (
				9532B812554AF414B30254A9 /* Check Pods Manifest.lock */,
				630470411C4881690064D81C /* Sources */,
				630470421C4881690064D81C /* Frameworks */,
				630470431C4881690064D81C /* Resources */,
				AADED15EB377281E1295EE35 /* Embed Pods Frameworks */,
				D1D4F6AD722381267BAE14EA /* Copy Pods Resources */,
			);
			buildRules = (
			);
			dependencies = (
			);
			name = "AirPlus-iOS";
			productName = "AirPlus-iOS";
			productReference = 630470451C4881690064D81C /* AirPlus-iOS.app */;
			productType = "com.apple.product-type.application";
		};
/* End PBXNativeTarget section */

/* Begin PBXProject section */
		6304703D1C4881690064D81C /* Project object */ = {
			isa = PBXProject;
			attributes = {
				LastUpgradeCheck = 0720;
				ORGANIZATIONNAME = Appbees.net;
				TargetAttributes = {
					630470441C4881690064D81C = {
						CreatedOnToolsVersion = 7.2;
						DevelopmentTeam = QV57Y5LTKH;
						SystemCapabilities = {
							com.apple.Push = {
								enabled = 1;
							};
						};
					};
				};
			};
			buildConfigurationList = 630470401C4881690064D81C /* Build configuration list for PBXProject "AirPlus-iOS" */;
			compatibilityVersion = "Xcode 3.2";
			developmentRegion = English;
			hasScannedForEncodings = 0;
			knownRegions = (
				en,
				Base,
			);
			mainGroup = 6304703C1C4881690064D81C;
			productRefGroup = 630470461C4881690064D81C /* Products */;
			projectDirPath = "";
			projectRoot = "";
			targets = (
				630470441C4881690064D81C /* AirPlus-iOS */,
			);
		};
/* End PBXProject section */

/* Begin PBXResourcesBuildPhase section */
		630470431C4881690064D81C /* Resources */ = {
			isa = PBXResourcesBuildPhase;
			buildActionMask = 2147483647;
			files = (
				630470741C489D1C0064D81C /* Default@2x.png in Resources */,
				63B8D6311C4B9BEB005B5AF6 /* RegisterViewController.xib in Resources */,
				630470911C48B1120064D81C /* tutorial_background_01@2x.jpg in Resources */,
				630470751C489D1C0064D81C /* gear.png in Resources */,
				6304708D1C48B1120064D81C /* background-gradient@2x.png in Resources */,
				6304708E1C48B1120064D81C /* button-background.png in Resources */,
				63B8D6361C4BA1AC005B5AF6 /* AboutViewController.xib in Resources */,
				63B8D6441C4BC60C005B5AF6 /* PMItemCell.xib in Resources */,
				637768641C5866C300E39B91 /* tutorial_background_01.jpg in Resources */,
				6304707C1C489D1C0064D81C /* star@2x.png in Resources */,
				630470901C48B1120064D81C /* tutorial_background_00@2x.jpg in Resources */,
				63B8D6491C4BE105005B5AF6 /* PM25ViewController.xib in Resources */,
				630470AB1C48DDD50064D81C /* LoginViewController.xib in Resources */,
				6304708C1C48B1120064D81C /* background-gradient.png in Resources */,
				630470701C489D1C0064D81C /* burger.png in Resources */,
				637768631C5866C300E39B91 /* tutorial_background_00.jpg in Resources */,
				630470721C489D1C0064D81C /* Default-568h@2x.png in Resources */,
				637768661C5866C300E39B91 /* tutorial_background_03.jpg in Resources */,
				63B8D63C1C4BB43A005B5AF6 /* LICENSE in Resources */,
				630470711C489D1C0064D81C /* burger@2x.png in Resources */,
				630470551C4881690064D81C /* Assets.xcassets in Resources */,
				637768681C58AB6B00E39B91 /* PMDetailsView.xib in Resources */,
				637768651C5866C300E39B91 /* tutorial_background_02.jpg in Resources */,
				6304708F1C48B1120064D81C /* button-background@2x.png in Resources */,
				630470921C48B1120064D81C /* tutorial_background_02@2x.jpg in Resources */,
				6304707A1C489D1C0064D81C /* profile@2x.png in Resources */,
				6304707B1C489D1C0064D81C /* star.png in Resources */,
				630470791C489D1C0064D81C /* profile.png in Resources */,
				630470931C48B1120064D81C /* tutorial_background_03@2x.jpg in Resources */,
				630470731C489D1C0064D81C /* Default.png in Resources */,
				630470761C489D1C0064D81C /* gear@2x.png in Resources */,
			);
			runOnlyForDeploymentPostprocessing = 0;
		};
/* End PBXResourcesBuildPhase section */

/* Begin PBXShellScriptBuildPhase section */
		9532B812554AF414B30254A9 /* Check Pods Manifest.lock */ = {
			isa = PBXShellScriptBuildPhase;
			buildActionMask = 2147483647;
			files = (
			);
			inputPaths = (
			);
			name = "Check Pods Manifest.lock";
			outputPaths = (
			);
			runOnlyForDeploymentPostprocessing = 0;
			shellPath = /bin/sh;
			shellScript = "diff \"${PODS_ROOT}/../Podfile.lock\" \"${PODS_ROOT}/Manifest.lock\" > /dev/null\nif [[ $? != 0 ]] ; then\n    cat << EOM\nerror: The sandbox is not in sync with the Podfile.lock. Run 'pod install' or update your CocoaPods installation.\nEOM\n    exit 1\nfi\n";
			showEnvVarsInLog = 0;
		};
		AADED15EB377281E1295EE35 /* Embed Pods Frameworks */ = {
			isa = PBXShellScriptBuildPhase;
			buildActionMask = 2147483647;
			files = (
			);
			inputPaths = (
			);
			name = "Embed Pods Frameworks";
			outputPaths = (
			);
			runOnlyForDeploymentPostprocessing = 0;
			shellPath = /bin/sh;
			shellScript = "\"${SRCROOT}/Pods/Target Support Files/Pods/Pods-frameworks.sh\"\n";
			showEnvVarsInLog = 0;
		};
		D1D4F6AD722381267BAE14EA /* Copy Pods Resources */ = {
			isa = PBXShellScriptBuildPhase;
			buildActionMask = 2147483647;
			files = (
			);
			inputPaths = (
			);
			name = "Copy Pods Resources";
			outputPaths = (
			);
			runOnlyForDeploymentPostprocessing = 0;
			shellPath = /bin/sh;
			shellScript = "\"${SRCROOT}/Pods/Target Support Files/Pods/Pods-resources.sh\"\n";
			showEnvVarsInLog = 0;
		};
/* End PBXShellScriptBuildPhase section */

/* Begin PBXSourcesBuildPhase section */
		630470411C4881690064D81C /* Sources */ = {
			isa = PBXSourcesBuildPhase;
			buildActionMask = 2147483647;
			files = (
				63B8D6471C4BDC31005B5AF6 /* PM25ViewController.m in Sources */,
				637768771C58CEA100E39B91 /* InstrumentModel.m in Sources */,
				630470B11C48F2500064D81C /* UITableViewCell+FlatUI.m in Sources */,
				6377687D1C58CF6300E39B91 /* PM25DataModel.m in Sources */,
				63F689CA1C5A184E00F9F755 /* Utility.m in Sources */,
				630470811C489ED50064D81C /* UIColor+RCColor.m in Sources */,
				630470501C4881690064D81C /* MainViewController.m in Sources */,
				63CEB2731C4D2EC600537B14 /* PMDetailsView.m in Sources */,
				63B8D6431C4BC60C005B5AF6 /* PMItemCell.m in Sources */,
				637768711C58CD7100E39B91 /* SchoolModel.m in Sources */,
				6304704D1C4881690064D81C /* AppDelegate.m in Sources */,
				630470A01C48B39C0064D81C /* ICETutorialStyle.m in Sources */,
				6377687A1C58CF1E00E39B91 /* PhotoModel.m in Sources */,
				6312F4891C54B2E70021C959 /* AFHttpTool.m in Sources */,
				630470AE1C48EE170064D81C /* SelectViewController.m in Sources */,
				6304709F1C48B39C0064D81C /* ICETutorialPage.m in Sources */,
				630470A91C48BB290064D81C /* RegisterViewController.m in Sources */,
				630470A31C48BAE50064D81C /* LoginViewController.m in Sources */,
				6312F4881C54B2E70021C959 /* AFHttpResult.m in Sources */,
				6377686E1C58CAE200E39B91 /* UserModel.m in Sources */,
				637768741C58CDF800E39B91 /* CityModel.m in Sources */,
				6304709E1C48B39C0064D81C /* ICETutorialController.m in Sources */,
				63B8D63D1C4BB43A005B5AF6 /* README.md in Sources */,
				63B8D63E1C4BB43A005B5AF6 /* RNFrostedSidebar.m in Sources */,
				6304704A1C4881690064D81C /* main.m in Sources */,
				6377686B1C58C90600E39B91 /* ModelBase.m in Sources */,
				63B8D6351C4BA1AC005B5AF6 /* AboutViewController.m in Sources */,
				630470821C489ED50064D81C /* UIImage+RCImage.m in Sources */,
			);
			runOnlyForDeploymentPostprocessing = 0;
		};
/* End PBXSourcesBuildPhase section */

/* Begin XCBuildConfiguration section */
		6304705A1C4881690064D81C /* Debug */ = {
			isa = XCBuildConfiguration;
			buildSettings = {
				ALWAYS_SEARCH_USER_PATHS = NO;
				CLANG_CXX_LANGUAGE_STANDARD = "gnu++0x";
				CLANG_CXX_LIBRARY = "libc++";
				CLANG_ENABLE_MODULES = YES;
				CLANG_ENABLE_OBJC_ARC = YES;
				CLANG_WARN_BOOL_CONVERSION = YES;
				CLANG_WARN_CONSTANT_CONVERSION = YES;
				CLANG_WARN_DIRECT_OBJC_ISA_USAGE = YES_ERROR;
				CLANG_WARN_EMPTY_BODY = YES;
				CLANG_WARN_ENUM_CONVERSION = YES;
				CLANG_WARN_INT_CONVERSION = YES;
				CLANG_WARN_OBJC_ROOT_CLASS = YES_ERROR;
				CLANG_WARN_UNREACHABLE_CODE = YES;
				CLANG_WARN__DUPLICATE_METHOD_MATCH = YES;
				"CODE_SIGN_IDENTITY[sdk=iphoneos*]" = "iPhone Developer";
				COPY_PHASE_STRIP = NO;
				DEBUG_INFORMATION_FORMAT = dwarf;
				ENABLE_STRICT_OBJC_MSGSEND = YES;
				ENABLE_TESTABILITY = YES;
				GCC_C_LANGUAGE_STANDARD = gnu99;
				GCC_DYNAMIC_NO_PIC = NO;
				GCC_NO_COMMON_BLOCKS = YES;
				GCC_OPTIMIZATION_LEVEL = 0;
				GCC_PREPROCESSOR_DEFINITIONS = (
					"DEBUG=1",
					"$(inherited)",
				);
				GCC_WARN_64_TO_32_BIT_CONVERSION = YES;
				GCC_WARN_ABOUT_RETURN_TYPE = YES_ERROR;
				GCC_WARN_UNDECLARED_SELECTOR = YES;
				GCC_WARN_UNINITIALIZED_AUTOS = YES_AGGRESSIVE;
				GCC_WARN_UNUSED_FUNCTION = YES;
				GCC_WARN_UNUSED_VARIABLE = YES;
				IPHONEOS_DEPLOYMENT_TARGET = 9.2;
				MTL_ENABLE_DEBUG_INFO = YES;
				ONLY_ACTIVE_ARCH = YES;
				SDKROOT = iphoneos;
			};
			name = Debug;
		};
		6304705B1C4881690064D81C /* Release */ = {
			isa = XCBuildConfiguration;
			buildSettings = {
				ALWAYS_SEARCH_USER_PATHS = NO;
				CLANG_CXX_LANGUAGE_STANDARD = "gnu++0x";
				CLANG_CXX_LIBRARY = "libc++";
				CLANG_ENABLE_MODULES = YES;
				CLANG_ENABLE_OBJC_ARC = YES;
				CLANG_WARN_BOOL_CONVERSION = YES;
				CLANG_WARN_CONSTANT_CONVERSION = YES;
				CLANG_WARN_DIRECT_OBJC_ISA_USAGE = YES_ERROR;
				CLANG_WARN_EMPTY_BODY = YES;
				CLANG_WARN_ENUM_CONVERSION = YES;
				CLANG_WARN_INT_CONVERSION = YES;
				CLANG_WARN_OBJC_ROOT_CLASS = YES_ERROR;
				CLANG_WARN_UNREACHABLE_CODE = YES;
				CLANG_WARN__DUPLICATE_METHOD_MATCH = YES;
				"CODE_SIGN_IDENTITY[sdk=iphoneos*]" = "iPhone Developer";
				COPY_PHASE_STRIP = NO;
				DEBUG_INFORMATION_FORMAT = "dwarf-with-dsym";
				ENABLE_NS_ASSERTIONS = NO;
				ENABLE_STRICT_OBJC_MSGSEND = YES;
				GCC_C_LANGUAGE_STANDARD = gnu99;
				GCC_NO_COMMON_BLOCKS = YES;
				GCC_WARN_64_TO_32_BIT_CONVERSION = YES;
				GCC_WARN_ABOUT_RETURN_TYPE = YES_ERROR;
				GCC_WARN_UNDECLARED_SELECTOR = YES;
				GCC_WARN_UNINITIALIZED_AUTOS = YES_AGGRESSIVE;
				GCC_WARN_UNUSED_FUNCTION = YES;
				GCC_WARN_UNUSED_VARIABLE = YES;
				IPHONEOS_DEPLOYMENT_TARGET = 9.2;
				MTL_ENABLE_DEBUG_INFO = NO;
				SDKROOT = iphoneos;
				VALIDATE_PRODUCT = YES;
			};
			name = Release;
		};
		6304705D1C4881690064D81C /* Debug */ = {
			isa = XCBuildConfiguration;
			baseConfigurationReference = 92E6B2C2D7DBEBEF485BBEC3 /* Pods.debug.xcconfig */;
			buildSettings = {
				ASSETCATALOG_COMPILER_APPICON_NAME = AppIcon;
				CODE_SIGN_IDENTITY = "iPhone Developer";
				"CODE_SIGN_IDENTITY[sdk=iphoneos*]" = "iPhone Developer";
				INFOPLIST_FILE = "AirPlus-iOS/Info.plist";
				IPHONEOS_DEPLOYMENT_TARGET = 7.0;
				LD_RUNPATH_SEARCH_PATHS = "$(inherited) @executable_path/Frameworks";
				PRODUCT_BUNDLE_IDENTIFIER = cn.homecaught.AirPlus;
				PRODUCT_NAME = "$(TARGET_NAME)";
				PROVISIONING_PROFILE = "";
			};
			name = Debug;
		};
		6304705E1C4881690064D81C /* Release */ = {
			isa = XCBuildConfiguration;
			baseConfigurationReference = 43ACB4255EB7601F86FAAF56 /* Pods.release.xcconfig */;
			buildSettings = {
				ASSETCATALOG_COMPILER_APPICON_NAME = AppIcon;
				CODE_SIGN_IDENTITY = "iPhone Developer";
				"CODE_SIGN_IDENTITY[sdk=iphoneos*]" = "iPhone Developer";
				INFOPLIST_FILE = "AirPlus-iOS/Info.plist";
				IPHONEOS_DEPLOYMENT_TARGET = 7.0;
				LD_RUNPATH_SEARCH_PATHS = "$(inherited) @executable_path/Frameworks";
				PRODUCT_BUNDLE_IDENTIFIER = cn.homecaught.AirPlus;
				PRODUCT_NAME = "$(TARGET_NAME)";
				PROVISIONING_PROFILE = "";
			};
			name = Release;
		};
/* End XCBuildConfiguration section */

/* Begin XCConfigurationList section */
		630470401C4881690064D81C /* Build configuration list for PBXProject "AirPlus-iOS" */ = {
			isa = XCConfigurationList;
			buildConfigurations = (
				6304705A1C4881690064D81C /* Debug */,
				6304705B1C4881690064D81C /* Release */,
			);
			defaultConfigurationIsVisible = 0;
			defaultConfigurationName = Release;
		};
		6304705C1C4881690064D81C /* Build configuration list for PBXNativeTarget "AirPlus-iOS" */ = {
			isa = XCConfigurationList;
			buildConfigurations = (
				6304705D1C4881690064D81C /* Debug */,
				6304705E1C4881690064D81C /* Release */,
			);
			defaultConfigurationIsVisible = 0;
			defaultConfigurationName = Release;
		};
/* End XCConfigurationList section */
	};
	rootObject = 6304703D1C4881690064D81C /* Project object */;
}
